// !$*UTF8*$!
{
	archiveVersion = 1;
	classes = {
	};
	objectVersion = 50;
	objects = {

/* Begin PBXBuildFile section */
		0AD7BD9F25DABC01007E8405 /* AppDelegate.swift in Sources */ = {isa = PBXBuildFile; fileRef = 0AD7BD9E25DABC01007E8405 /* AppDelegate.swift */; };
		0AD7BDA125DABC01007E8405 /* SceneDelegate.swift in Sources */ = {isa = PBXBuildFile; fileRef = 0AD7BDA025DABC01007E8405 /* SceneDelegate.swift */; };
		0AD7BDA625DABC01007E8405 /* Main.storyboard in Resources */ = {isa = PBXBuildFile; fileRef = 0AD7BDA425DABC01007E8405 /* Main.storyboard */; };
		0AD7BDA825DABC04007E8405 /* Assets.xcassets in Resources */ = {isa = PBXBuildFile; fileRef = 0AD7BDA725DABC04007E8405 /* Assets.xcassets */; };
		0AD7BDAB25DABC04007E8405 /* LaunchScreen.storyboard in Resources */ = {isa = PBXBuildFile; fileRef = 0AD7BDA925DABC04007E8405 /* LaunchScreen.storyboard */; };
		0AD7BDB725DABD6D007E8405 /* NewsListTableViewController.swift in Sources */ = {isa = PBXBuildFile; fileRef = 0AD7BDB625DABD6D007E8405 /* NewsListTableViewController.swift */; };
		0AD7BDBD25DAC75B007E8405 /* Webservice.swift in Sources */ = {isa = PBXBuildFile; fileRef = 0AD7BDBC25DAC75B007E8405 /* Webservice.swift */; };
		0AD7BDC225DAE71E007E8405 /* Article.swift in Sources */ = {isa = PBXBuildFile; fileRef = 0AD7BDC125DAE71E007E8405 /* Article.swift */; };
		0AD7BDCB25DB23F2007E8405 /* ArticleViewModel.swift in Sources */ = {isa = PBXBuildFile; fileRef = 0AD7BDCA25DB23F2007E8405 /* ArticleViewModel.swift */; };
/* End PBXBuildFile section */

/* Begin PBXFileReference section */
		0AD7BD9B25DABC01007E8405 /* NewsApp.app */ = {isa = PBXFileReference; explicitFileType = wrapper.application; includeInIndex = 0; path = NewsApp.app; sourceTree = BUILT_PRODUCTS_DIR; };
		0AD7BD9E25DABC01007E8405 /* AppDelegate.swift */ = {isa = PBXFileReference; lastKnownFileType = sourcecode.swift; path = AppDelegate.swift; sourceTree = "<group>"; };
		0AD7BDA025DABC01007E8405 /* SceneDelegate.swift */ = {isa = PBXFileReference; lastKnownFileType = sourcecode.swift; path = SceneDelegate.swift; sourceTree = "<group>"; };
		0AD7BDA525DABC01007E8405 /* Base */ = {isa = PBXFileReference; lastKnownFileType = file.storyboard; name = Base; path = Base.lproj/Main.storyboard; sourceTree = "<group>"; };
		0AD7BDA725DABC04007E8405 /* Assets.xcassets */ = {isa = PBXFileReference; lastKnownFileType = folder.assetcatalog; path = Assets.xcassets; sourceTree = "<group>"; };
		0AD7BDAA25DABC04007E8405 /* Base */ = {isa = PBXFileReference; lastKnownFileType = file.storyboard; name = Base; path = Base.lproj/LaunchScreen.storyboard; sourceTree = "<group>"; };
		0AD7BDAC25DABC04007E8405 /* Info.plist */ = {isa = PBXFileReference; lastKnownFileType = text.plist.xml; path = Info.plist; sourceTree = "<group>"; };
		0AD7BDB625DABD6D007E8405 /* NewsListTableViewController.swift */ = {isa = PBXFileReference; lastKnownFileType = sourcecode.swift; path = NewsListTableViewController.swift; sourceTree = "<group>"; };
		0AD7BDBC25DAC75B007E8405 /* Webservice.swift */ = {isa = PBXFileReference; lastKnownFileType = sourcecode.swift; path = Webservice.swift; sourceTree = "<group>"; };
		0AD7BDC125DAE71E007E8405 /* Article.swift */ = {isa = PBXFileReference; lastKnownFileType = sourcecode.swift; path = Article.swift; sourceTree = "<group>"; };
		0AD7BDCA25DB23F2007E8405 /* ArticleViewModel.swift */ = {isa = PBXFileReference; lastKnownFileType = sourcecode.swift; path = ArticleViewModel.swift; sourceTree = "<group>"; };
/* End PBXFileReference section */

/* Begin PBXFrameworksBuildPhase section */
		0AD7BD9825DABC01007E8405 /* Frameworks */ = {
			isa = PBXFrameworksBuildPhase;
			buildActionMask = 2147483647;
			files = (
			);
			runOnlyForDeploymentPostprocessing = 0;
		};
/* End PBXFrameworksBuildPhase section */

/* Begin PBXGroup section */
		0AD7BD9225DABC00007E8405 = {
			isa = PBXGroup;
			children = (
				0AD7BD9D25DABC01007E8405 /* NewsApp */,
				0AD7BD9C25DABC01007E8405 /* Products */,
			);
			sourceTree = "<group>";
		};
		0AD7BD9C25DABC01007E8405 /* Products */ = {
			isa = PBXGroup;
			children = (
				0AD7BD9B25DABC01007E8405 /* NewsApp.app */,
			);
			name = Products;
			sourceTree = "<group>";
		};
		0AD7BD9D25DABC01007E8405 /* NewsApp */ = {
			isa = PBXGroup;
			children = (
				0AD7BDC925DB23CD007E8405 /* ViewModels */,
				0AD7BDC025DAE693007E8405 /* Models */,
				0AD7BDBB25DAC72A007E8405 /* Services */,
				0AD7BDB425DABD36007E8405 /* Controllers */,
				0AD7BDA425DABC01007E8405 /* Main.storyboard */,
				0AD7BD9E25DABC01007E8405 /* AppDelegate.swift */,
				0AD7BDA025DABC01007E8405 /* SceneDelegate.swift */,
				0AD7BDA725DABC04007E8405 /* Assets.xcassets */,
				0AD7BDA925DABC04007E8405 /* LaunchScreen.storyboard */,
				0AD7BDAC25DABC04007E8405 /* Info.plist */,
			);
			path = NewsApp;
			sourceTree = "<group>";
		};
		0AD7BDB425DABD36007E8405 /* Controllers */ = {
			isa = PBXGroup;
			children = (
				0AD7BDB625DABD6D007E8405 /* NewsListTableViewController.swift */,
			);
			path = Controllers;
			sourceTree = "<group>";
		};
		0AD7BDBB25DAC72A007E8405 /* Services */ = {
			isa = PBXGroup;
			children = (
				0AD7BDBC25DAC75B007E8405 /* Webservice.swift */,
			);
			path = Services;
			sourceTree = "<group>";
		};
		0AD7BDC025DAE693007E8405 /* Models */ = {
			isa = PBXGroup;
			children = (
				0AD7BDC125DAE71E007E8405 /* Article.swift */,
			);
			path = Models;
			sourceTree = "<group>";
		};
		0AD7BDC925DB23CD007E8405 /* ViewModels */ = {
			isa = PBXGroup;
			children = (
				0AD7BDCA25DB23F2007E8405 /* ArticleViewModel.swift */,
			);
			path = ViewModels;
			sourceTree = "<group>";
		};
/* End PBXGroup section */

/* Begin PBXNativeTarget section */
		0AD7BD9A25DABC01007E8405 /* NewsApp */ = {
			isa = PBXNativeTarget;
			buildConfigurationList = 0AD7BDAF25DABC04007E8405 /* Build configuration list for PBXNativeTarget "NewsApp" */;
			buildPhases = (
				0AD7BD9725DABC01007E8405 /* Sources */,
				0AD7BD9825DABC01007E8405 /* Frameworks */,
				0AD7BD9925DABC01007E8405 /* Resources */,
			);
			buildRules = (
			);
			dependencies = (
			);
			name = NewsApp;
			productName = NewsApp;
			productReference = 0AD7BD9B25DABC01007E8405 /* NewsApp.app */;
			productType = "com.apple.product-type.application";
		};
/* End PBXNativeTarget section */

/* Begin PBXProject section */
		0AD7BD9325DABC00007E8405 /* Project object */ = {
			isa = PBXProject;
			attributes = {
				LastSwiftUpdateCheck = 1240;
				LastUpgradeCheck = 1240;
				TargetAttributes = {
					0AD7BD9A25DABC01007E8405 = {
						CreatedOnToolsVersion = 12.4;
					};
				};
			};
			buildConfigurationList = 0AD7BD9625DABC00007E8405 /* Build configuration list for PBXProject "NewsApp" */;
			compatibilityVersion = "Xcode 9.3";
			developmentRegion = en;
			hasScannedForEncodings = 0;
			knownRegions = (
				en,
				Base,
			);
			mainGroup = 0AD7BD9225DABC00007E8405;
			productRefGroup = 0AD7BD9C25DABC01007E8405 /* Products */;
			projectDirPath = "";
			projectRoot = "";
			targets = (
				0AD7BD9A25DABC01007E8405 /* NewsApp */,
			);
		};
/* End PBXProject section */

/* Begin PBXResourcesBuildPhase section */
		0AD7BD9925DABC01007E8405 /* Resources */ = {
			isa = PBXResourcesBuildPhase;
			buildActionMask = 2147483647;
			files = (
				0AD7BDAB25DABC04007E8405 /* LaunchScreen.storyboard in Resources */,
				0AD7BDA825DABC04007E8405 /* Assets.xcassets in Resources */,
				0AD7BDA625DABC01007E8405 /* Main.storyboard in Resources */,
			);
			runOnlyForDeploymentPostprocessing = 0;
		};
/* End PBXResourcesBuildPhase section */

/* Begin PBXSourcesBuildPhase section */
		0AD7BD9725DABC01007E8405 /* Sources */ = {
			isa = PBXSourcesBuildPhase;
			buildActionMask = 2147483647;
			files = (
				0AD7BD9F25DABC01007E8405 /* AppDelegate.swift in Sources */,
				0AD7BDB725DABD6D007E8405 /* NewsListTableViewController.swift in Sources */,
				0AD7BDBD25DAC75B007E8405 /* Webservice.swift in Sources */,
				0AD7BDCB25DB23F2007E8405 /* ArticleViewModel.swift in Sources */,
				0AD7BDA125DABC01007E8405 /* SceneDelegate.swift in Sources */,
				0AD7BDC225DAE71E007E8405 /* Article.swift in Sources */,
			);
			runOnlyForDeploymentPostprocessing = 0;
		};
/* End PBXSourcesBuildPhase section */

/* Begin PBXVariantGroup section */
		0AD7BDA425DABC01007E8405 /* Main.storyboard */ = {
			isa = PBXVariantGroup;
			children = (
				0AD7BDA525DABC01007E8405 /* Base */,
			);
			name = Main.storyboard;
			sourceTree = "<group>";
		};
		0AD7BDA925DABC04007E8405 /* LaunchScreen.storyboard */ = {
			isa = PBXVariantGroup;
			children = (
				0AD7BDAA25DABC04007E8405 /* Base */,
			);
			name = LaunchScreen.storyboard;
			sourceTree = "<group>";
		};
/* End PBXVariantGroup section */

/* Begin XCBuildConfiguration section */
		0AD7BDAD25DABC04007E8405 /* Debug */ = {
			isa = XCBuildConfiguration;
			buildSettings = {
				ALWAYS_SEARCH_USER_PATHS = NO;
				CLANG_ANALYZER_NONNULL = YES;
				CLANG_ANALYZER_NUMBER_OBJECT_CONVERSION = YES_AGGRESSIVE;
				CLANG_CXX_LANGUAGE_STANDARD = "gnu++14";
				CLANG_CXX_LIBRARY = "libc++";
				CLANG_ENABLE_MODULES = YES;
				CLANG_ENABLE_OBJC_ARC = YES;
				CLANG_ENABLE_OBJC_WEAK = YES;
				CLANG_WARN_BLOCK_CAPTURE_AUTORELEASING = YES;
				CLANG_WARN_BOOL_CONVERSION = YES;
				CLANG_WARN_COMMA = YES;
				CLANG_WARN_CONSTANT_CONVERSION = YES;
				CLANG_WARN_DEPRECATED_OBJC_IMPLEMENTATIONS = YES;
				CLANG_WARN_DIRECT_OBJC_ISA_USAGE = YES_ERROR;
				CLANG_WARN_DOCUMENTATION_COMMENTS = YES;
				CLANG_WARN_EMPTY_BODY = YES;
				CLANG_WARN_ENUM_CONVERSION = YES;
				CLANG_WARN_INFINITE_RECURSION = YES;
				CLANG_WARN_INT_CONVERSION = YES;
				CLANG_WARN_NON_LITERAL_NULL_CONVERSION = YES;
				CLANG_WARN_OBJC_IMPLICIT_RETAIN_SELF = YES;
				CLANG_WARN_OBJC_LITERAL_CONVERSION = YES;
				CLANG_WARN_OBJC_ROOT_CLASS = YES_ERROR;
				CLANG_WARN_QUOTED_INCLUDE_IN_FRAMEWORK_HEADER = YES;
				CLANG_WARN_RANGE_LOOP_ANALYSIS = YES;
				CLANG_WARN_STRICT_PROTOTYPES = YES;
				CLANG_WARN_SUSPICIOUS_MOVE = YES;
				CLANG_WARN_UNGUARDED_AVAILABILITY = YES_AGGRESSIVE;
				CLANG_WARN_UNREACHABLE_CODE = YES;
				CLANG_WARN__DUPLICATE_METHOD_MATCH = YES;
				COPY_PHASE_STRIP = NO;
				DEBUG_INFORMATION_FORMAT = dwarf;
				ENABLE_STRICT_OBJC_MSGSEND = YES;
				ENABLE_TESTABILITY = YES;
				GCC_C_LANGUAGE_STANDARD = gnu11;
				GCC_DYNAMIC_NO_PIC = NO;
				GCC_NO_COMMON_BLOCKS = YES;
				GCC_OPTIMIZATION_LEVEL = 0;
				GCC_PREPROCESSOR_DEFINITIONS = (
					"DEBUG=1",
					"$(inherited)",
				);
				GCC_WARN_64_TO_32_BIT_CONVERSION = YES;
				GCC_WARN_ABOUT_RETURN_TYPE = YES_ERROR;
				GCC_WARN_UNDECLARED_SELECTOR = YES;
				GCC_WARN_UNINITIALIZED_AUTOS = YES_AGGRESSIVE;
				GCC_WARN_UNUSED_FUNCTION = YES;
				GCC_WARN_UNUSED_VARIABLE = YES;
				IPHONEOS_DEPLOYMENT_TARGET = 14.4;
				MTL_ENABLE_DEBUG_INFO = INCLUDE_SOURCE;
				MTL_FAST_MATH = YES;
				ONLY_ACTIVE_ARCH = YES;
				SDKROOT = iphoneos;
				SWIFT_ACTIVE_COMPILATION_CONDITIONS = DEBUG;
				SWIFT_OPTIMIZATION_LEVEL = "-Onone";
			};
			name = Debug;
		};
		0AD7BDAE25DABC04007E8405 /* Release */ = {
			isa = XCBuildConfiguration;
			buildSettings = {
				ALWAYS_SEARCH_USER_PATHS = NO;
				CLANG_ANALYZER_NONNULL = YES;
				CLANG_ANALYZER_NUMBER_OBJECT_CONVERSION = YES_AGGRESSIVE;
				CLANG_CXX_LANGUAGE_STANDARD = "gnu++14";
				CLANG_CXX_LIBRARY = "libc++";
				CLANG_ENABLE_MODULES = YES;
				CLANG_ENABLE_OBJC_ARC = YES;
				CLANG_ENABLE_OBJC_WEAK = YES;
				CLANG_WARN_BLOCK_CAPTURE_AUTORELEASING = YES;
				CLANG_WARN_BOOL_CONVERSION = YES;
				CLANG_WARN_COMMA = YES;
				CLANG_WARN_CONSTANT_CONVERSION = YES;
				CLANG_WARN_DEPRECATED_OBJC_IMPLEMENTATIONS = YES;
				CLANG_WARN_DIRECT_OBJC_ISA_USAGE = YES_ERROR;
				CLANG_WARN_DOCUMENTATION_COMMENTS = YES;
				CLANG_WARN_EMPTY_BODY = YES;
				CLANG_WARN_ENUM_CONVERSION = YES;
				CLANG_WARN_INFINITE_RECURSION = YES;
				CLANG_WARN_INT_CONVERSION = YES;
				CLANG_WARN_NON_LITERAL_NULL_CONVERSION = YES;
				CLANG_WARN_OBJC_IMPLICIT_RETAIN_SELF = YES;
				CLANG_WARN_OBJC_LITERAL_CONVERSION = YES;
				CLANG_WARN_OBJC_ROOT_CLASS = YES_ERROR;
				CLANG_WARN_QUOTED_INCLUDE_IN_FRAMEWORK_HEADER = YES;
				CLANG_WARN_RANGE_LOOP_ANALYSIS = YES;
				CLANG_WARN_STRICT_PROTOTYPES = YES;
				CLANG_WARN_SUSPICIOUS_MOVE = YES;
				CLANG_WARN_UNGUARDED_AVAILABILITY = YES_AGGRESSIVE;
				CLANG_WARN_UNREACHABLE_CODE = YES;
				CLANG_WARN__DUPLICATE_METHOD_MATCH = YES;
				COPY_PHASE_STRIP = NO;
				DEBUG_INFORMATION_FORMAT = "dwarf-with-dsym";
				ENABLE_NS_ASSERTIONS = NO;
				ENABLE_STRICT_OBJC_MSGSEND = YES;
				GCC_C_LANGUAGE_STANDARD = gnu11;
				GCC_NO_COMMON_BLOCKS = YES;
				GCC_WARN_64_TO_32_BIT_CONVERSION = YES;
				GCC_WARN_ABOUT_RETURN_TYPE = YES_ERROR;
				GCC_WARN_UNDECLARED_SELECTOR = YES;
				GCC_WARN_UNINITIALIZED_AUTOS = YES_AGGRESSIVE;
				GCC_WARN_UNUSED_FUNCTION = YES;
				GCC_WARN_UNUSED_VARIABLE = YES;
				IPHONEOS_DEPLOYMENT_TARGET = 14.4;
				MTL_ENABLE_DEBUG_INFO = NO;
				MTL_FAST_MATH = YES;
				SDKROOT = iphoneos;
				SWIFT_COMPILATION_MODE = wholemodule;
				SWIFT_OPTIMIZATION_LEVEL = "-O";
				VALIDATE_PRODUCT = YES;
			};
			name = Release;
		};
		0AD7BDB025DABC04007E8405 /* Debug */ = {
			isa = XCBuildConfiguration;
			buildSettings = {
				ASSETCATALOG_COMPILER_APPICON_NAME = AppIcon;
				ASSETCATALOG_COMPILER_GLOBAL_ACCENT_COLOR_NAME = AccentColor;
				CODE_SIGN_STYLE = Automatic;
				DEVELOPMENT_TEAM = 87XJZXW7AU;
				INFOPLIST_FILE = NewsApp/Info.plist;
				LD_RUNPATH_SEARCH_PATHS = (
					"$(inherited)",
					"@executable_path/Frameworks",
				);
				PRODUCT_BUNDLE_IDENTIFIER = com.sg.NewsApp;
				PRODUCT_NAME = "$(TARGET_NAME)";
				SWIFT_VERSION = 5.0;
				TARGETED_DEVICE_FAMILY = "1,2";
			};
			name = Debug;
		};
		0AD7BDB125DABC04007E8405 /* Release */ = {
			isa = XCBuildConfiguration;
			buildSettings = {
				ASSETCATALOG_COMPILER_APPICON_NAME = AppIcon;
				ASSETCATALOG_COMPILER_GLOBAL_ACCENT_COLOR_NAME = AccentColor;
				CODE_SIGN_STYLE = Automatic;
				DEVELOPMENT_TEAM = 87XJZXW7AU;
				INFOPLIST_FILE = NewsApp/Info.plist;
				LD_RUNPATH_SEARCH_PATHS = (
					"$(inherited)",
					"@executable_path/Frameworks",
				);
				PRODUCT_BUNDLE_IDENTIFIER = com.sg.NewsApp;
				PRODUCT_NAME = "$(TARGET_NAME)";
				SWIFT_VERSION = 5.0;
				TARGETED_DEVICE_FAMILY = "1,2";
			};
			name = Release;
		};
/* End XCBuildConfiguration section */

/* Begin XCConfigurationList section */
		0AD7BD9625DABC00007E8405 /* Build configuration list for PBXProject "NewsApp" */ = {
			isa = XCConfigurationList;
			buildConfigurations = (
				0AD7BDAD25DABC04007E8405 /* Debug */,
				0AD7BDAE25DABC04007E8405 /* Release */,
			);
			defaultConfigurationIsVisible = 0;
			defaultConfigurationName = Release;
		};
		0AD7BDAF25DABC04007E8405 /* Build configuration list for PBXNativeTarget "NewsApp" */ = {
			isa = XCConfigurationList;
			buildConfigurations = (
				0AD7BDB025DABC04007E8405 /* Debug */,
				0AD7BDB125DABC04007E8405 /* Release */,
			);
			defaultConfigurationIsVisible = 0;
			defaultConfigurationName = Release;
		};
/* End XCConfigurationList section */
	};
	rootObject = 0AD7BD9325DABC00007E8405 /* Project object */;
}
